
Microsoft Visual Studio Solution File, Format Version 12.00
# Visual Studio 15
VisualStudioVersion = 15.0.27703.2047
MinimumVisualStudioVersion = 10.0.40219.1
Project("{FAE04EC0-301F-11D3-BF4B-00C04F79EFBC}") = "MasterySkillApp.Android", "MasterySkillApp\MasterySkillApp.Android\MasterySkillApp.Android.csproj", "{20F5E9D4-ADCE-4730-9323-1407E9F4F859}"
EndProject
Project("{FAE04EC0-301F-11D3-BF4B-00C04F79EFBC}") = "MasterySkillApp.iOS", "MasterySkillApp\MasterySkillApp.iOS\MasterySkillApp.iOS.csproj", "{79B5F581-21A2-4113-B02C-DB78FF19B7E5}"
EndProject
Project("{FAE04EC0-301F-11D3-BF4B-00C04F79EFBC}") = "MasterySkillApp", "MasterySkillApp\MasterySkillApp\MasterySkillApp.csproj", "{7E759E5F-66DA-4AE0-B5B8-CED9296A9223}"
EndProject
Global
	GlobalSection(SolutionConfigurationPlatforms) = preSolution
		Ad-Hoc|Any CPU = Ad-Hoc|Any CPU
		Ad-Hoc|iPhone = Ad-Hoc|iPhone
		Ad-Hoc|iPhoneSimulator = Ad-Hoc|iPhoneSimulator
		AppStore|Any CPU = AppStore|Any CPU
		AppStore|iPhone = AppStore|iPhone
		AppStore|iPhoneSimulator = AppStore|iPhoneSimulator
		Debug|Any CPU = Debug|Any CPU
		Debug|iPhone = Debug|iPhone
		Debug|iPhoneSimulator = Debug|iPhoneSimulator
		Release|Any CPU = Release|Any CPU
		Release|iPhone = Release|iPhone
		Release|iPhoneSimulator = Release|iPhoneSimulator
	EndGlobalSection
	GlobalSection(ProjectConfigurationPlatforms) = postSolution
		{20F5E9D4-ADCE-4730-9323-1407E9F4F859}.Ad-Hoc|Any CPU.ActiveCfg = Release|Any CPU
		{20F5E9D4-ADCE-4730-9323-1407E9F4F859}.Ad-Hoc|Any CPU.Build.0 = Release|Any CPU
		{20F5E9D4-ADCE-4730-9323-1407E9F4F859}.Ad-Hoc|Any CPU.Deploy.0 = Release|Any CPU
		{20F5E9D4-ADCE-4730-9323-1407E9F4F859}.Ad-Hoc|iPhone.ActiveCfg = Release|Any CPU
		{20F5E9D4-ADCE-4730-9323-1407E9F4F859}.Ad-Hoc|iPhone.Build.0 = Release|Any CPU
		{20F5E9D4-ADCE-4730-9323-1407E9F4F859}.Ad-Hoc|iPhone.Deploy.0 = Release|Any CPU
		{20F5E9D4-ADCE-4730-9323-1407E9F4F859}.Ad-Hoc|iPhoneSimulator.ActiveCfg = Release|Any CPU
		{20F5E9D4-ADCE-4730-9323-1407E9F4F859}.Ad-Hoc|iPhoneSimulator.Build.0 = Release|Any CPU
		{20F5E9D4-ADCE-4730-9323-1407E9F4F859}.Ad-Hoc|iPhoneSimulator.Deploy.0 = Release|Any CPU
		{20F5E9D4-ADCE-4730-9323-1407E9F4F859}.AppStore|Any CPU.ActiveCfg = Release|Any CPU
		{20F5E9D4-ADCE-4730-9323-1407E9F4F859}.AppStore|Any CPU.Build.0 = Release|Any CPU
		{20F5E9D4-ADCE-4730-9323-1407E9F4F859}.AppStore|Any CPU.Deploy.0 = Release|Any CPU
		{20F5E9D4-ADCE-4730-9323-1407E9F4F859}.AppStore|iPhone.ActiveCfg = Release|Any CPU
		{20F5E9D4-ADCE-4730-9323-1407E9F4F859}.AppStore|iPhone.Build.0 = Release|Any CPU
		{20F5E9D4-ADCE-4730-9323-1407E9F4F859}.AppStore|iPhone.Deploy.0 = Release|Any CPU
		{20F5E9D4-ADCE-4730-9323-1407E9F4F859}.AppStore|iPhoneSimulator.ActiveCfg = Release|Any CPU
		{20F5E9D4-ADCE-4730-9323-1407E9F4F859}.AppStore|iPhoneSimulator.Build.0 = Release|Any CPU
		{20F5E9D4-ADCE-4730-9323-1407E9F4F859}.AppStore|iPhoneSimulator.Deploy.0 = Release|Any CPU
		{20F5E9D4-ADCE-4730-9323-1407E9F4F859}.Debug|Any CPU.ActiveCfg = Debug|Any CPU
		{20F5E9D4-ADCE-4730-9323-1407E9F4F859}.Debug|Any CPU.Build.0 = Debug|Any CPU
		{20F5E9D4-ADCE-4730-9323-1407E9F4F859}.Debug|Any CPU.Deploy.0 = Debug|Any CPU
		{20F5E9D4-ADCE-4730-9323-1407E9F4F859}.Debug|iPhone.ActiveCfg = Debug|Any CPU
		{20F5E9D4-ADCE-4730-9323-1407E9F4F859}.Debug|iPhone.Build.0 = Debug|Any CPU
		{20F5E9D4-ADCE-4730-9323-1407E9F4F859}.Debug|iPhone.Deploy.0 = Debug|Any CPU
		{20F5E9D4-ADCE-4730-9323-1407E9F4F859}.Debug|iPhoneSimulator.ActiveCfg = Debug|Any CPU
		{20F5E9D4-ADCE-4730-9323-1407E9F4F859}.Debug|iPhoneSimulator.Build.0 = Debug|Any CPU
		{20F5E9D4-ADCE-4730-9323-1407E9F4F859}.Debug|iPhoneSimulator.Deploy.0 = Debug|Any CPU
		{20F5E9D4-ADCE-4730-9323-1407E9F4F859}.Release|Any CPU.ActiveCfg = Release|Any CPU
		{20F5E9D4-ADCE-4730-9323-1407E9F4F859}.Release|Any CPU.Build.0 = Release|Any CPU
		{20F5E9D4-ADCE-4730-9323-1407E9F4F859}.Release|Any CPU.Deploy.0 = Release|Any CPU
		{20F5E9D4-ADCE-4730-9323-1407E9F4F859}.Release|iPhone.ActiveCfg = Release|Any CPU
		{20F5E9D4-ADCE-4730-9323-1407E9F4F859}.Release|iPhone.Build.0 = Release|Any CPU
		{20F5E9D4-ADCE-4730-9323-1407E9F4F859}.Release|iPhone.Deploy.0 = Release|Any CPU
		{20F5E9D4-ADCE-4730-9323-1407E9F4F859}.Release|iPhoneSimulator.ActiveCfg = Release|Any CPU
		{20F5E9D4-ADCE-4730-9323-1407E9F4F859}.Release|iPhoneSimulator.Build.0 = Release|Any CPU
		{20F5E9D4-ADCE-4730-9323-1407E9F4F859}.Release|iPhoneSimulator.Deploy.0 = Release|Any CPU
		{79B5F581-21A2-4113-B02C-DB78FF19B7E5}.Ad-Hoc|Any CPU.ActiveCfg = Ad-Hoc|iPhone
		{79B5F581-21A2-4113-B02C-DB78FF19B7E5}.Ad-Hoc|Any CPU.Build.0 = Ad-Hoc|iPhone
		{79B5F581-21A2-4113-B02C-DB78FF19B7E5}.Ad-Hoc|Any CPU.Deploy.0 = Ad-Hoc|iPhone
		{79B5F581-21A2-4113-B02C-DB78FF19B7E5}.Ad-Hoc|iPhone.ActiveCfg = Ad-Hoc|iPhone
		{79B5F581-21A2-4113-B02C-DB78FF19B7E5}.Ad-Hoc|iPhone.Build.0 = Ad-Hoc|iPhone
		{79B5F581-21A2-4113-B02C-DB78FF19B7E5}.Ad-Hoc|iPhone.Deploy.0 = Ad-Hoc|iPhone
		{79B5F581-21A2-4113-B02C-DB78FF19B7E5}.Ad-Hoc|iPhoneSimulator.ActiveCfg = Ad-Hoc|iPhoneSimulator
		{79B5F581-21A2-4113-B02C-DB78FF19B7E5}.Ad-Hoc|iPhoneSimulator.Build.0 = Ad-Hoc|iPhoneSimulator
		{79B5F581-21A2-4113-B02C-DB78FF19B7E5}.Ad-Hoc|iPhoneSimulator.Deploy.0 = Ad-Hoc|iPhoneSimulator
		{79B5F581-21A2-4113-B02C-DB78FF19B7E5}.AppStore|Any CPU.ActiveCfg = AppStore|iPhone
		{79B5F581-21A2-4113-B02C-DB78FF19B7E5}.AppStore|Any CPU.Build.0 = AppStore|iPhone
		{79B5F581-21A2-4113-B02C-DB78FF19B7E5}.AppStore|Any CPU.Deploy.0 = AppStore|iPhone
		{79B5F581-21A2-4113-B02C-DB78FF19B7E5}.AppStore|iPhone.ActiveCfg = AppStore|iPhone
		{79B5F581-21A2-4113-B02C-DB78FF19B7E5}.AppStore|iPhone.Build.0 = AppStore|iPhone
		{79B5F581-21A2-4113-B02C-DB78FF19B7E5}.AppStore|iPhone.Deploy.0 = AppStore|iPhone
		{79B5F581-21A2-4113-B02C-DB78FF19B7E5}.AppStore|iPhoneSimulator.ActiveCfg = AppStore|iPhoneSimulator
		{79B5F581-21A2-4113-B02C-DB78FF19B7E5}.AppStore|iPhoneSimulator.Build.0 = AppStore|iPhoneSimulator
		{79B5F581-21A2-4113-B02C-DB78FF19B7E5}.AppStore|iPhoneSimulator.Deploy.0 = AppStore|iPhoneSimulator
		{79B5F581-21A2-4113-B02C-DB78FF19B7E5}.Debug|Any CPU.ActiveCfg = Debug|iPhoneSimulator
		{79B5F581-21A2-4113-B02C-DB78FF19B7E5}.Debug|Any CPU.Build.0 = Debug|iPhoneSimulator
		{79B5F581-21A2-4113-B02C-DB78FF19B7E5}.Debug|Any CPU.Deploy.0 = Debug|iPhoneSimulator
		{79B5F581-21A2-4113-B02C-DB78FF19B7E5}.Debug|iPhone.ActiveCfg = Debug|iPhone
		{79B5F581-21A2-4113-B02C-DB78FF19B7E5}.Debug|iPhone.Build.0 = Debug|iPhone
		{79B5F581-21A2-4113-B02C-DB78FF19B7E5}.Debug|iPhone.Deploy.0 = Debug|iPhone
		{79B5F581-21A2-4113-B02C-DB78FF19B7E5}.Debug|iPhoneSimulator.ActiveCfg = Debug|iPhoneSimulator
		{79B5F581-21A2-4113-B02C-DB78FF19B7E5}.Debug|iPhoneSimulator.Build.0 = Debug|iPhoneSimulator
		{79B5F581-21A2-4113-B02C-DB78FF19B7E5}.Debug|iPhoneSimulator.Deploy.0 = Debug|iPhoneSimulator
		{79B5F581-21A2-4113-B02C-DB78FF19B7E5}.Release|Any CPU.ActiveCfg = Release|iPhone
		{79B5F581-21A2-4113-B02C-DB78FF19B7E5}.Release|Any CPU.Build.0 = Release|iPhone
		{79B5F581-21A2-4113-B02C-DB78FF19B7E5}.Release|Any CPU.Deploy.0 = Release|iPhone
		{79B5F581-21A2-4113-B02C-DB78FF19B7E5}.Release|iPhone.ActiveCfg = Release|iPhone
		{79B5F581-21A2-4113-B02C-DB78FF19B7E5}.Release|iPhone.Build.0 = Release|iPhone
		{79B5F581-21A2-4113-B02C-DB78FF19B7E5}.Release|iPhone.Deploy.0 = Release|iPhone
		{79B5F581-21A2-4113-B02C-DB78FF19B7E5}.Release|iPhoneSimulator.ActiveCfg = Release|iPhoneSimulator
		{79B5F581-21A2-4113-B02C-DB78FF19B7E5}.Release|iPhoneSimulator.Build.0 = Release|iPhoneSimulator
		{79B5F581-21A2-4113-B02C-DB78FF19B7E5}.Release|iPhoneSimulator.Deploy.0 = Release|iPhoneSimulator
		{7E759E5F-66DA-4AE0-B5B8-CED9296A9223}.Ad-Hoc|Any CPU.ActiveCfg = Debug|Any CPU
		{7E759E5F-66DA-4AE0-B5B8-CED9296A9223}.Ad-Hoc|Any CPU.Build.0 = Debug|Any CPU
		{7E759E5F-66DA-4AE0-B5B8-CED9296A9223}.Ad-Hoc|Any CPU.Deploy.0 = Debug|Any CPU
		{7E759E5F-66DA-4AE0-B5B8-CED9296A9223}.Ad-Hoc|iPhone.ActiveCfg = Debug|Any CPU
		{7E759E5F-66DA-4AE0-B5B8-CED9296A9223}.Ad-Hoc|iPhone.Build.0 = Debug|Any CPU
		{7E759E5F-66DA-4AE0-B5B8-CED9296A9223}.Ad-Hoc|iPhone.Deploy.0 = Debug|Any CPU
		{7E759E5F-66DA-4AE0-B5B8-CED9296A9223}.Ad-Hoc|iPhoneSimulator.ActiveCfg = Debug|Any CPU
		{7E759E5F-66DA-4AE0-B5B8-CED9296A9223}.Ad-Hoc|iPhoneSimulator.Build.0 = Debug|Any CPU
		{7E759E5F-66DA-4AE0-B5B8-CED9296A9223}.Ad-Hoc|iPhoneSimulator.Deploy.0 = Debug|Any CPU
		{7E759E5F-66DA-4AE0-B5B8-CED9296A9223}.AppStore|Any CPU.ActiveCfg = Debug|Any CPU
		{7E759E5F-66DA-4AE0-B5B8-CED9296A9223}.AppStore|Any CPU.Build.0 = Debug|Any CPU
		{7E759E5F-66DA-4AE0-B5B8-CED9296A9223}.AppStore|Any CPU.Deploy.0 = Debug|Any CPU
		{7E759E5F-66DA-4AE0-B5B8-CED9296A9223}.AppStore|iPhone.ActiveCfg = Debug|Any CPU
		{7E759E5F-66DA-4AE0-B5B8-CED9296A9223}.AppStore|iPhone.Build.0 = Debug|Any CPU
		{7E759E5F-66DA-4AE0-B5B8-CED9296A9223}.AppStore|iPhone.Deploy.0 = Debug|Any CPU
		{7E759E5F-66DA-4AE0-B5B8-CED9296A9223}.AppStore|iPhoneSimulator.ActiveCfg = Debug|Any CPU
		{7E759E5F-66DA-4AE0-B5B8-CED9296A9223}.AppStore|iPhoneSimulator.Build.0 = Debug|Any CPU
		{7E759E5F-66DA-4AE0-B5B8-CED9296A9223}.AppStore|iPhoneSimulator.Deploy.0 = Debug|Any CPU
		{7E759E5F-66DA-4AE0-B5B8-CED9296A9223}.Debug|Any CPU.ActiveCfg = Debug|Any CPU
		{7E759E5F-66DA-4AE0-B5B8-CED9296A9223}.Debug|Any CPU.Build.0 = Debug|Any CPU
		{7E759E5F-66DA-4AE0-B5B8-CED9296A9223}.Debug|Any CPU.Deploy.0 = Debug|Any CPU
		{7E759E5F-66DA-4AE0-B5B8-CED9296A9223}.Debug|iPhone.ActiveCfg = Debug|Any CPU
		{7E759E5F-66DA-4AE0-B5B8-CED9296A9223}.Debug|iPhone.Build.0 = Debug|Any CPU
		{7E759E5F-66DA-4AE0-B5B8-CED9296A9223}.Debug|iPhone.Deploy.0 = Debug|Any CPU
		{7E759E5F-66DA-4AE0-B5B8-CED9296A9223}.Debug|iPhoneSimulator.ActiveCfg = Debug|Any CPU
		{7E759E5F-66DA-4AE0-B5B8-CED9296A9223}.Debug|iPhoneSimulator.Build.0 = Debug|Any CPU
		{7E759E5F-66DA-4AE0-B5B8-CED9296A9223}.Debug|iPhoneSimulator.Deploy.0 = Debug|Any CPU
		{7E759E5F-66DA-4AE0-B5B8-CED9296A9223}.Release|Any CPU.ActiveCfg = Release|Any CPU
		{7E759E5F-66DA-4AE0-B5B8-CED9296A9223}.Release|Any CPU.Build.0 = Release|Any CPU
		{7E759E5F-66DA-4AE0-B5B8-CED9296A9223}.Release|Any CPU.Deploy.0 = Release|Any CPU
		{7E759E5F-66DA-4AE0-B5B8-CED9296A9223}.Release|iPhone.ActiveCfg = Release|Any CPU
		{7E759E5F-66DA-4AE0-B5B8-CED9296A9223}.Release|iPhone.Build.0 = Release|Any CPU
		{7E759E5F-66DA-4AE0-B5B8-CED9296A9223}.Release|iPhone.Deploy.0 = Release|Any CPU
		{7E759E5F-66DA-4AE0-B5B8-CED9296A9223}.Release|iPhoneSimulator.ActiveCfg = Release|Any CPU
		{7E759E5F-66DA-4AE0-B5B8-CED9296A9223}.Release|iPhoneSimulator.Build.0 = Release|Any CPU
		{7E759E5F-66DA-4AE0-B5B8-CED9296A9223}.Release|iPhoneSimulator.Deploy.0 = Release|Any CPU
	EndGlobalSection
	GlobalSection(SolutionProperties) = preSolution
		HideSolutionNode = FALSE
	EndGlobalSection
	GlobalSection(ExtensibilityGlobals) = postSolution
		SolutionGuid = {54CC3DA2-BA52-4885-AD45-1BBD467D2838}
	EndGlobalSection
EndGlobal
